
Microsoft Visual Studio Solution File, Format Version 12.00
# Visual Studio Version 17
VisualStudioVersion = 17.4.33110.190
MinimumVisualStudioVersion = 10.0.40219.1
Project("{FAE04EC0-301F-11D3-BF4B-00C04F79EFBC}") = "Testing", "Testing\Testing.csproj", "{DD1B3DD0-8007-4EC9-A644-9CD0F631F29A}"
EndProject
Global
	GlobalSection(SolutionConfigurationPlatforms) = preSolution
		Debug|Any CPU = Debug|Any CPU
		Release|Any CPU = Release|Any CPU
	EndGlobalSection
	GlobalSection(ProjectConfigurationPlatforms) = postSolution
		{DD1B3DD0-8007-4EC9-A644-9CD0F631F29A}.Debug|Any CPU.ActiveCfg = Debug|Any CPU
		{DD1B3DD0-8007-4EC9-A644-9CD0F631F29A}.Debug|Any CPU.Build.0 = Debug|Any CPU
		{DD1B3DD0-8007-4EC9-A644-9CD0F631F29A}.Release|Any CPU.ActiveCfg = Release|Any CPU
		{DD1B3DD0-8007-4EC9-A644-9CD0F631F29A}.Release|Any CPU.Build.0 = Release|Any CPU
	EndGlobalSection
	GlobalSection(SolutionProperties) = preSolution
		HideSolutionNode = FALSE
	EndGlobalSection
	GlobalSection(ExtensibilityGlobals) = postSolution
		SolutionGuid = {AF9F80CA-2F55-46CC-B9EF-20E5DD377EAB}
	EndGlobalSection
EndGlobal
